
Microsoft Visual Studio Solution File, Format Version 12.00
# Visual Studio 15
VisualStudioVersion = 15.0.28307.329
MinimumVisualStudioVersion = 10.0.40219.1
Project("{FAE04EC0-301F-11D3-BF4B-00C04F79EFBC}") = "Lab_01_test", "Lab_01_test\Lab_01_test.csproj", "{13FB721B-784B-483C-8080-BC47F3997E7B}"
EndProject
Project("{FAE04EC0-301F-11D3-BF4B-00C04F79EFBC}") = "Lab_03_oop", "lab_03\Lab_03_oop.csproj", "{F695E5CC-6CAA-456C-9409-528632B5AD60}"
EndProject
Project("{FAE04EC0-301F-11D3-BF4B-00C04F79EFBC}") = "Lab_04_array", "Lab_04_array\Lab_04_array.csproj", "{15E9BD48-C01E-4C0B-B912-9C5A3EA1EEC7}"
EndProject
Project("{FAE04EC0-301F-11D3-BF4B-00C04F79EFBC}") = "Lab_04_Array_test", "Lab_04_Array_test1\Lab_04_Array_test.csproj", "{D6C2C551-BFB3-410E-B9F9-B7D5C2E3816F}"
EndProject
Project("{FAE04EC0-301F-11D3-BF4B-00C04F79EFBC}") = "Lab_02_oop", "Lab_02_classes\Lab_02_oop.csproj", "{FFACCEC7-95B3-46DE-B4A2-3E7EDFD26554}"
EndProject
Project("{FAE04EC0-301F-11D3-BF4B-00C04F79EFBC}") = "Lab_06_wpf", "Lab_06_wpf\Lab_06_wpf.csproj", "{24CF22FF-2E5E-4DDC-AB32-DAAC2838660E}"
EndProject
Project("{FAE04EC0-301F-11D3-BF4B-00C04F79EFBC}") = "Lab_08_files", "Labs_08_files\Labs_08_files\Lab_08_files.csproj", "{3B0B1194-9539-4BCF-827B-320D470E668B}"
EndProject
Project("{FAE04EC0-301F-11D3-BF4B-00C04F79EFBC}") = "Lab_103_randomPerson01", "Random_Person\Lab_103_randomPerson01.csproj", "{DEA22DC2-89A2-4732-9E35-146624B9EF2B}"
EndProject
Project("{FAE04EC0-301F-11D3-BF4B-00C04F79EFBC}") = "Lab_101_speedTyping01", "typing_game\Lab_101_speedTyping01.csproj", "{79C55565-63F1-4C93-82AB-BA4F7DABCEFC}"
EndProject
Project("{FAE04EC0-301F-11D3-BF4B-00C04F79EFBC}") = "Lab_104_array_list_queue_stack_dict_01", "Lab_104_array_list_queue_stack_dict_01\Lab_104_array_list_queue_stack_dict_01.csproj", "{64618288-EEDF-4E26-B6A7-383452945227}"
EndProject
Project("{FAE04EC0-301F-11D3-BF4B-00C04F79EFBC}") = "Lab_09_XML", "Lab_09_XML\Lab_09_XML.csproj", "{2E368FAC-D23F-4915-AFAD-B6322D10243C}"
EndProject
Project("{FAE04EC0-301F-11D3-BF4B-00C04F79EFBC}") = "Lab_07_files", "Lab_07_files\Lab_07_files.csproj", "{E2F028C2-E867-4441-B261-C2EE986BADA6}"
EndProject
Project("{FAE04EC0-301F-11D3-BF4B-00C04F79EFBC}") = "Lab_102_speedTypingGUI", "Lab_102_speedTypingGUI\ConsoleApp4\Lab_102_speedTypingGUI.csproj", "{20A5CABF-561F-437B-8E7B-6F234AA6F766}"
EndProject
Project("{FAE04EC0-301F-11D3-BF4B-00C04F79EFBC}") = "Lab_105_game_NameAndScore01", "Lab_105_game_NameAndScore01\Lab_105_game_NameAndScore01.csproj", "{DA5F2C29-CB5E-4C92-BB6A-834CC653B5AB}"
EndProject
Project("{FAE04EC0-301F-11D3-BF4B-00C04F79EFBC}") = "Lab_106_game_increaseScore01", "Lab_106_game_increaseScore01\Lab_106_game_increaseScore01.csproj", "{A4890D82-E035-4C8E-9C37-3392BC6ACD9B}"
EndProject
Project("{FAE04EC0-301F-11D3-BF4B-00C04F79EFBC}") = "Lab_107_listFolders01", "Lab_107_listFolders01\Lab_107_listFolders01.csproj", "{0D68C9D9-0CFA-4B53-ADA0-493AD726F71B}"
EndProject
Project("{FAE04EC0-301F-11D3-BF4B-00C04F79EFBC}") = "Lab_108_listFilesAndFolders01", "Lab_108_listFilesAndFolders01\Lab_108_listFilesAndFolders01.csproj", "{9F3E4749-CB4E-4BD8-9D1E-7B61F7880DB5}"
EndProject
Project("{FAE04EC0-301F-11D3-BF4B-00C04F79EFBC}") = "Lab_109_newFileWithContent01", "Lab_109_newFileWithContent01\Lab_109_newFileWithContent01.csproj", "{F4360AB6-11EC-477B-8667-ED32407ACE46}"
EndProject
Global
	GlobalSection(SolutionConfigurationPlatforms) = preSolution
		Debug|Any CPU = Debug|Any CPU
		Release|Any CPU = Release|Any CPU
	EndGlobalSection
	GlobalSection(ProjectConfigurationPlatforms) = postSolution
		{13FB721B-784B-483C-8080-BC47F3997E7B}.Debug|Any CPU.ActiveCfg = Debug|Any CPU
		{13FB721B-784B-483C-8080-BC47F3997E7B}.Debug|Any CPU.Build.0 = Debug|Any CPU
		{13FB721B-784B-483C-8080-BC47F3997E7B}.Release|Any CPU.ActiveCfg = Release|Any CPU
		{13FB721B-784B-483C-8080-BC47F3997E7B}.Release|Any CPU.Build.0 = Release|Any CPU
		{F695E5CC-6CAA-456C-9409-528632B5AD60}.Debug|Any CPU.ActiveCfg = Debug|Any CPU
		{F695E5CC-6CAA-456C-9409-528632B5AD60}.Debug|Any CPU.Build.0 = Debug|Any CPU
		{F695E5CC-6CAA-456C-9409-528632B5AD60}.Release|Any CPU.ActiveCfg = Release|Any CPU
		{F695E5CC-6CAA-456C-9409-528632B5AD60}.Release|Any CPU.Build.0 = Release|Any CPU
		{15E9BD48-C01E-4C0B-B912-9C5A3EA1EEC7}.Debug|Any CPU.ActiveCfg = Debug|Any CPU
		{15E9BD48-C01E-4C0B-B912-9C5A3EA1EEC7}.Debug|Any CPU.Build.0 = Debug|Any CPU
		{15E9BD48-C01E-4C0B-B912-9C5A3EA1EEC7}.Release|Any CPU.ActiveCfg = Release|Any CPU
		{15E9BD48-C01E-4C0B-B912-9C5A3EA1EEC7}.Release|Any CPU.Build.0 = Release|Any CPU
		{D6C2C551-BFB3-410E-B9F9-B7D5C2E3816F}.Debug|Any CPU.ActiveCfg = Debug|Any CPU
		{D6C2C551-BFB3-410E-B9F9-B7D5C2E3816F}.Debug|Any CPU.Build.0 = Debug|Any CPU
		{D6C2C551-BFB3-410E-B9F9-B7D5C2E3816F}.Release|Any CPU.ActiveCfg = Release|Any CPU
		{D6C2C551-BFB3-410E-B9F9-B7D5C2E3816F}.Release|Any CPU.Build.0 = Release|Any CPU
		{FFACCEC7-95B3-46DE-B4A2-3E7EDFD26554}.Debug|Any CPU.ActiveCfg = Debug|Any CPU
		{FFACCEC7-95B3-46DE-B4A2-3E7EDFD26554}.Debug|Any CPU.Build.0 = Debug|Any CPU
		{FFACCEC7-95B3-46DE-B4A2-3E7EDFD26554}.Release|Any CPU.ActiveCfg = Release|Any CPU
		{FFACCEC7-95B3-46DE-B4A2-3E7EDFD26554}.Release|Any CPU.Build.0 = Release|Any CPU
		{24CF22FF-2E5E-4DDC-AB32-DAAC2838660E}.Debug|Any CPU.ActiveCfg = Debug|Any CPU
		{24CF22FF-2E5E-4DDC-AB32-DAAC2838660E}.Debug|Any CPU.Build.0 = Debug|Any CPU
		{24CF22FF-2E5E-4DDC-AB32-DAAC2838660E}.Release|Any CPU.ActiveCfg = Release|Any CPU
		{24CF22FF-2E5E-4DDC-AB32-DAAC2838660E}.Release|Any CPU.Build.0 = Release|Any CPU
		{3B0B1194-9539-4BCF-827B-320D470E668B}.Debug|Any CPU.ActiveCfg = Debug|Any CPU
		{3B0B1194-9539-4BCF-827B-320D470E668B}.Debug|Any CPU.Build.0 = Debug|Any CPU
		{3B0B1194-9539-4BCF-827B-320D470E668B}.Release|Any CPU.ActiveCfg = Release|Any CPU
		{3B0B1194-9539-4BCF-827B-320D470E668B}.Release|Any CPU.Build.0 = Release|Any CPU
		{DEA22DC2-89A2-4732-9E35-146624B9EF2B}.Debug|Any CPU.ActiveCfg = Debug|Any CPU
		{DEA22DC2-89A2-4732-9E35-146624B9EF2B}.Debug|Any CPU.Build.0 = Debug|Any CPU
		{DEA22DC2-89A2-4732-9E35-146624B9EF2B}.Release|Any CPU.ActiveCfg = Release|Any CPU
		{DEA22DC2-89A2-4732-9E35-146624B9EF2B}.Release|Any CPU.Build.0 = Release|Any CPU
		{79C55565-63F1-4C93-82AB-BA4F7DABCEFC}.Debug|Any CPU.ActiveCfg = Debug|Any CPU
		{79C55565-63F1-4C93-82AB-BA4F7DABCEFC}.Debug|Any CPU.Build.0 = Debug|Any CPU
		{79C55565-63F1-4C93-82AB-BA4F7DABCEFC}.Release|Any CPU.ActiveCfg = Release|Any CPU
		{79C55565-63F1-4C93-82AB-BA4F7DABCEFC}.Release|Any CPU.Build.0 = Release|Any CPU
		{64618288-EEDF-4E26-B6A7-383452945227}.Debug|Any CPU.ActiveCfg = Debug|Any CPU
		{64618288-EEDF-4E26-B6A7-383452945227}.Debug|Any CPU.Build.0 = Debug|Any CPU
		{64618288-EEDF-4E26-B6A7-383452945227}.Release|Any CPU.ActiveCfg = Release|Any CPU
		{64618288-EEDF-4E26-B6A7-383452945227}.Release|Any CPU.Build.0 = Release|Any CPU
		{2E368FAC-D23F-4915-AFAD-B6322D10243C}.Debug|Any CPU.ActiveCfg = Debug|Any CPU
		{2E368FAC-D23F-4915-AFAD-B6322D10243C}.Debug|Any CPU.Build.0 = Debug|Any CPU
		{2E368FAC-D23F-4915-AFAD-B6322D10243C}.Release|Any CPU.ActiveCfg = Release|Any CPU
		{2E368FAC-D23F-4915-AFAD-B6322D10243C}.Release|Any CPU.Build.0 = Release|Any CPU
		{E2F028C2-E867-4441-B261-C2EE986BADA6}.Debug|Any CPU.ActiveCfg = Debug|Any CPU
		{E2F028C2-E867-4441-B261-C2EE986BADA6}.Debug|Any CPU.Build.0 = Debug|Any CPU
		{E2F028C2-E867-4441-B261-C2EE986BADA6}.Release|Any CPU.ActiveCfg = Release|Any CPU
		{E2F028C2-E867-4441-B261-C2EE986BADA6}.Release|Any CPU.Build.0 = Release|Any CPU
		{20A5CABF-561F-437B-8E7B-6F234AA6F766}.Debug|Any CPU.ActiveCfg = Debug|Any CPU
		{20A5CABF-561F-437B-8E7B-6F234AA6F766}.Debug|Any CPU.Build.0 = Debug|Any CPU
		{20A5CABF-561F-437B-8E7B-6F234AA6F766}.Release|Any CPU.ActiveCfg = Release|Any CPU
		{20A5CABF-561F-437B-8E7B-6F234AA6F766}.Release|Any CPU.Build.0 = Release|Any CPU
		{DA5F2C29-CB5E-4C92-BB6A-834CC653B5AB}.Debug|Any CPU.ActiveCfg = Debug|Any CPU
		{DA5F2C29-CB5E-4C92-BB6A-834CC653B5AB}.Debug|Any CPU.Build.0 = Debug|Any CPU
		{DA5F2C29-CB5E-4C92-BB6A-834CC653B5AB}.Release|Any CPU.ActiveCfg = Release|Any CPU
		{DA5F2C29-CB5E-4C92-BB6A-834CC653B5AB}.Release|Any CPU.Build.0 = Release|Any CPU
		{A4890D82-E035-4C8E-9C37-3392BC6ACD9B}.Debug|Any CPU.ActiveCfg = Debug|Any CPU
		{A4890D82-E035-4C8E-9C37-3392BC6ACD9B}.Debug|Any CPU.Build.0 = Debug|Any CPU
		{A4890D82-E035-4C8E-9C37-3392BC6ACD9B}.Release|Any CPU.ActiveCfg = Release|Any CPU
		{A4890D82-E035-4C8E-9C37-3392BC6ACD9B}.Release|Any CPU.Build.0 = Release|Any CPU
		{0D68C9D9-0CFA-4B53-ADA0-493AD726F71B}.Debug|Any CPU.ActiveCfg = Debug|Any CPU
		{0D68C9D9-0CFA-4B53-ADA0-493AD726F71B}.Debug|Any CPU.Build.0 = Debug|Any CPU
		{0D68C9D9-0CFA-4B53-ADA0-493AD726F71B}.Release|Any CPU.ActiveCfg = Release|Any CPU
		{0D68C9D9-0CFA-4B53-ADA0-493AD726F71B}.Release|Any CPU.Build.0 = Release|Any CPU
		{9F3E4749-CB4E-4BD8-9D1E-7B61F7880DB5}.Debug|Any CPU.ActiveCfg = Debug|Any CPU
		{9F3E4749-CB4E-4BD8-9D1E-7B61F7880DB5}.Debug|Any CPU.Build.0 = Debug|Any CPU
		{9F3E4749-CB4E-4BD8-9D1E-7B61F7880DB5}.Release|Any CPU.ActiveCfg = Release|Any CPU
		{9F3E4749-CB4E-4BD8-9D1E-7B61F7880DB5}.Release|Any CPU.Build.0 = Release|Any CPU
		{F4360AB6-11EC-477B-8667-ED32407ACE46}.Debug|Any CPU.ActiveCfg = Debug|Any CPU
		{F4360AB6-11EC-477B-8667-ED32407ACE46}.Debug|Any CPU.Build.0 = Debug|Any CPU
		{F4360AB6-11EC-477B-8667-ED32407ACE46}.Release|Any CPU.ActiveCfg = Release|Any CPU
		{F4360AB6-11EC-477B-8667-ED32407ACE46}.Release|Any CPU.Build.0 = Release|Any CPU
	EndGlobalSection
	GlobalSection(SolutionProperties) = preSolution
		HideSolutionNode = FALSE
	EndGlobalSection
	GlobalSection(ExtensibilityGlobals) = postSolution
		SolutionGuid = {26DF4CC6-0273-4839-AE5C-1670F7FFF2AC}
	EndGlobalSection
EndGlobal
