
Microsoft Visual Studio Solution File, Format Version 12.00
# Visual Studio 15
VisualStudioVersion = 15.0.28307.329
MinimumVisualStudioVersion = 10.0.40219.1
Project("{FAE04EC0-301F-11D3-BF4B-00C04F79EFBC}") = "Lab_01_test", "Lab_01_test\Lab_01_test.csproj", "{13FB721B-784B-483C-8080-BC47F3997E7B}"
EndProject
Project("{FAE04EC0-301F-11D3-BF4B-00C04F79EFBC}") = "Lab_03_oop", "lab_03\Lab_03_oop.csproj", "{F695E5CC-6CAA-456C-9409-528632B5AD60}"
EndProject
Project("{FAE04EC0-301F-11D3-BF4B-00C04F79EFBC}") = "Lab_04_array", "Lab_04_array\Lab_04_array.csproj", "{15E9BD48-C01E-4C0B-B912-9C5A3EA1EEC7}"
EndProject
Project("{FAE04EC0-301F-11D3-BF4B-00C04F79EFBC}") = "Lab_04_Array_test", "Lab_04_Array_test1\Lab_04_Array_test.csproj", "{D6C2C551-BFB3-410E-B9F9-B7D5C2E3816F}"
EndProject
Project("{FAE04EC0-301F-11D3-BF4B-00C04F79EFBC}") = "Lab_02_oop", "Lab_02_classes\Lab_02_oop.csproj", "{FFACCEC7-95B3-46DE-B4A2-3E7EDFD26554}"
EndProject
Project("{FAE04EC0-301F-11D3-BF4B-00C04F79EFBC}") = "Lab_06_wpf", "Lab_06_wpf\Lab_06_wpf.csproj", "{24CF22FF-2E5E-4DDC-AB32-DAAC2838660E}"
EndProject
Project("{FAE04EC0-301F-11D3-BF4B-00C04F79EFBC}") = "Lab_104_array_list_queue_stack_dict_01", "Lab_104_array_list_queue_stack_dict_01\Lab_104_array_list_queue_stack_dict_01.csproj", "{64618288-EEDF-4E26-B6A7-383452945227}"
EndProject
Project("{FAE04EC0-301F-11D3-BF4B-00C04F79EFBC}") = "Lab_09_XML", "Lab_09_XML\Lab_09_XML.csproj", "{2E368FAC-D23F-4915-AFAD-B6322D10243C}"
EndProject
Project("{FAE04EC0-301F-11D3-BF4B-00C04F79EFBC}") = "Lab_07_files", "Lab_07_files\Lab_07_files.csproj", "{E2F028C2-E867-4441-B261-C2EE986BADA6}"
EndProject
Project("{FAE04EC0-301F-11D3-BF4B-00C04F79EFBC}") = "Lab_102_speedTypingGUI", "Lab_102_speedTypingGUI\ConsoleApp4\Lab_102_speedTypingGUI.csproj", "{20A5CABF-561F-437B-8E7B-6F234AA6F766}"
EndProject
Project("{FAE04EC0-301F-11D3-BF4B-00C04F79EFBC}") = "Lab_105_game_NameAndScore01", "Lab_105_game_NameAndScore01\Lab_105_game_NameAndScore01.csproj", "{DA5F2C29-CB5E-4C92-BB6A-834CC653B5AB}"
EndProject
Project("{FAE04EC0-301F-11D3-BF4B-00C04F79EFBC}") = "Lab_106_game_increaseScore01", "Lab_106_game_increaseScore01\Lab_106_game_increaseScore01.csproj", "{A4890D82-E035-4C8E-9C37-3392BC6ACD9B}"
EndProject
Project("{FAE04EC0-301F-11D3-BF4B-00C04F79EFBC}") = "Lab_107_listFolders01", "Lab_107_listFolders01\Lab_107_listFolders01.csproj", "{0D68C9D9-0CFA-4B53-ADA0-493AD726F71B}"
EndProject
Project("{FAE04EC0-301F-11D3-BF4B-00C04F79EFBC}") = "Lab_108_listFilesAndFolders01", "Lab_108_listFilesAndFolders01\Lab_108_listFilesAndFolders01.csproj", "{9F3E4749-CB4E-4BD8-9D1E-7B61F7880DB5}"
EndProject
Project("{FAE04EC0-301F-11D3-BF4B-00C04F79EFBC}") = "Lab_109_newFileWithContent01", "Lab_109_newFileWithContent01\Lab_109_newFileWithContent01.csproj", "{F4360AB6-11EC-477B-8667-ED32407ACE46}"
EndProject
Project("{FAE04EC0-301F-11D3-BF4B-00C04F79EFBC}") = "Lab_08_files", "Lab_08_files\Labs_08_files\Lab_08_files.csproj", "{3B0B1194-9539-4BCF-827B-320D470E668B}"
EndProject
Project("{FAE04EC0-301F-11D3-BF4B-00C04F79EFBC}") = "Lab_101_speedTyping01", "Lab_101_speedTyping\Lab_101_speedTyping01.csproj", "{79C55565-63F1-4C93-82AB-BA4F7DABCEFC}"
EndProject
Project("{FAE04EC0-301F-11D3-BF4B-00C04F79EFBC}") = "Lab_103_randomPerson01", "Lab_103_RandomPersonGen\Lab_103_randomPerson01.csproj", "{DEA22DC2-89A2-4732-9E35-146624B9EF2B}"
EndProject
Project("{FAE04EC0-301F-11D3-BF4B-00C04F79EFBC}") = "Lab_112_Collections", "Lab_112_Collections\Lab_112_Collections.csproj", "{1B0C2853-345A-4CE8-B70C-55A818F6845A}"
EndProject
Project("{FAE04EC0-301F-11D3-BF4B-00C04F79EFBC}") = "Lab_112_Collections_test", "Lab_112_Collections_test\Lab_112_Collections_test.csproj", "{2138B615-F743-4F92-A17A-4F7A2793F21C}"
EndProject
Project("{FAE04EC0-301F-11D3-BF4B-00C04F79EFBC}") = "Lab_10_Entity_Gui1", "Lab_10_Entity_Gui1\Lab_10_Entity_Gui1.csproj", "{81A6628A-D88E-485F-BC8D-2AF9E2F6D2D5}"
EndProject
Project("{FAE04EC0-301F-11D3-BF4B-00C04F79EFBC}") = "Lab_12_OOP_Revision", "Lab_112_OOP_Revision\Lab_12_OOP_Revision.csproj", "{A64A71D8-D2BF-4A6E-A089-96808D47D795}"
EndProject
Project("{FAE04EC0-301F-11D3-BF4B-00C04F79EFBC}") = "Lab_13_Polymorphism", "Lab_13_Polymorphism\Lab_13_Polymorphism.csproj", "{FEFD4172-DDAA-4439-8EFA-26F81E535025}"
EndProject
Project("{FAE04EC0-301F-11D3-BF4B-00C04F79EFBC}") = "Lab_113_ArrayList", "Lab_113_ArrayList\Lab_113_ArrayList.csproj", "{916759C0-AD3B-4074-B289-EA44121C9B1E}"
EndProject
Project("{FAE04EC0-301F-11D3-BF4B-00C04F79EFBC}") = "Lab_114_GUIEntity", "Lab_114_GUIEntity\Lab_114_GUIEntity.csproj", "{353A3B4D-D69E-47BF-A8F4-B089B94B2432}"
EndProject
Project("{FAE04EC0-301F-11D3-BF4B-00C04F79EFBC}") = "Lab_115_Northwind_Entity_With_OOP", "Lab_115_Northwind_Entity_With_OOP\Lab_115_Northwind_Entity_With_OOP.csproj", "{8BA71288-12A7-4ED1-BB90-DFD5816ADF9E}"
EndProject
Project("{FAE04EC0-301F-11D3-BF4B-00C04F79EFBC}") = "Lab_116_TryCatchThrow", "Lab_116_TryCatchThrow\Lab_116_TryCatchThrow.csproj", "{2153BB6D-553C-4F87-8B61-9E1FB7E3F532}"
EndProject
Project("{FAE04EC0-301F-11D3-BF4B-00C04F79EFBC}") = "Lab_15_Panels", "Lab_15_Panels\Lab_15_Panels.csproj", "{58A64792-B106-493B-A3E9-69ABD30512D8}"
EndProject
Project("{FAE04EC0-301F-11D3-BF4B-00C04F79EFBC}") = "Lab_117_Entity_Tabs", "Lab_117_Entity_Tabs\Lab_117_Entity_Tabs.csproj", "{656DC9D4-8336-4BF5-879E-0CE11B329A18}"
EndProject
Project("{FAE04EC0-301F-11D3-BF4B-00C04F79EFBC}") = "Lab_16_NUnit_XUnit_Tests", "Lab_16_NUnit_XUnit_Tests\Lab_16_NUnit_XUnit_Tests.csproj", "{9D340A7A-9928-46C2-84C1-2685485ED81B}"
EndProject
Project("{9A19103F-16F7-4668-BE54-9A1E7A4F7556}") = "Lab_16_MSTest", "Lab_16_MSTest\Lab_16_MSTest.csproj", "{55202400-7EC7-4E0D-9135-15681B8A2351}"
EndProject
Project("{9A19103F-16F7-4668-BE54-9A1E7A4F7556}") = "Lab_16_NUnitTest", "Lab_16_NUnitTest\Lab_16_NUnitTest.csproj", "{62E20857-6625-42D5-B552-15539A9347F6}"
EndProject
Project("{9A19103F-16F7-4668-BE54-9A1E7A4F7556}") = "Lab_16_XUnitTest", "Lab_16_XUnitTest\Lab_16_XUnitTest.csproj", "{DB6D7B0D-DB08-46B5-BB20-E76BCFC6DDBC}"
EndProject
Project("{FAE04EC0-301F-11D3-BF4B-00C04F79EFBC}") = "Lab_17_Debug", "Lab_17_Debug\Lab_17_Debug.csproj", "{77FB4079-AC6B-41CE-889F-D9A4A94E74A0}"
EndProject
Project("{FAE04EC0-301F-11D3-BF4B-00C04F79EFBC}") = "Lab_18_Streaming", "Lab_18_Streaming\Lab_18_Streaming.csproj", "{F917C30F-A8CD-4330-8FE8-DF8461C7B9DA}"
EndProject
Project("{FAE04EC0-301F-11D3-BF4B-00C04F79EFBC}") = "Lab_19_Streaming", "Lab_19_Streaming\Lab_19_Streaming.csproj", "{1DC2EB5F-54A8-48A2-BC25-3BAA43F9A2EE}"
EndProject
Project("{FAE04EC0-301F-11D3-BF4B-00C04F79EFBC}") = "Lab_20_Streamwriter", "Lab_20_Streamwriter\Lab_20_Streamwriter.csproj", "{DE938210-BF1B-4065-B382-6D6A6FA0052F}"
EndProject
Project("{FAE04EC0-301F-11D3-BF4B-00C04F79EFBC}") = "Lab_21_PushDataToMemory", "Lab_12_PushDataToMemory\Lab_21_PushDataToMemory.csproj", "{D3A89218-EBF4-4F47-A666-64F382D1B4B1}"
EndProject
Project("{FAE04EC0-301F-11D3-BF4B-00C04F79EFBC}") = "Lab_22_httpGetAsync", "Lab_22_httpGetAsync\Lab_22_httpGetAsync.csproj", "{ECEAE3AE-6F59-40E3-9F8E-03199F8CAA99}"
EndProject
Project("{FAE04EC0-301F-11D3-BF4B-00C04F79EFBC}") = "Lab_118_ArrayOfTests", "Lab_118_ArrayOfTests\Lab_118_ArrayOfTests.csproj", "{17ABF5B3-A0D1-4C62-99C4-0AC0E29849CA}"
EndProject
Project("{9A19103F-16F7-4668-BE54-9A1E7A4F7556}") = "Lab_118_TestArray_test", "Lab_118_TestArray_test\Lab_118_TestArray_test.csproj", "{03881BD4-231A-4E93-9DD8-A336D7983381}"
EndProject
Project("{9A19103F-16F7-4668-BE54-9A1E7A4F7556}") = "Lab_26_DotNetCore_Northwind", "Lab_26_DotNetCore_Northwind\Lab_26_DotNetCore_Northwind.csproj", "{86704159-94BF-4D42-8AC8-91F9BF3F6C1A}"
EndProject
Project("{FAE04EC0-301F-11D3-BF4B-00C04F79EFBC}") = "Lab_27_HelloWorldWebsite", "Lab_27_HelloWorldWebsite\Lab_27_HelloWorldWebsite.csproj", "{DB1D57D7-96F1-4902-AED7-308DD498D062}"
EndProject
Project("{FAE04EC0-301F-11D3-BF4B-00C04F79EFBC}") = "Lab_118_NorthwindTests", "Lab_118_NorthwindTests\Lab_118_NorthwindTests.csproj", "{ABC839E2-D328-41EF-9465-D70837B81527}"
EndProject
Project("{FAE04EC0-301F-11D3-BF4B-00C04F79EFBC}") = "Lab_119_hashSetToExcel", "Lab_119_hashSetToExcel\Lab_119_hashSetToExcel.csproj", "{037FA740-4337-4CCC-B148-D39D5B0F29D2}"
EndProject
Project("{9A19103F-16F7-4668-BE54-9A1E7A4F7556}") = "Lab_119_HashSetToExcel_tests", "Lab_119_HashSetToExcel_tests\Lab_119_HashSetToExcel_tests.csproj", "{D8D39992-0450-40D3-AB04-4E0785C212B4}"
EndProject
Project("{FAE04EC0-301F-11D3-BF4B-00C04F79EFBC}") = "Lab_28_northwindWebsite", "Lab_28_northwindWebsite\Lab_28_northwindWebsite.csproj", "{E3CE2A16-08AD-49D1-8D16-B77A48B7E748}"
EndProject
Project("{FAE04EC0-301F-11D3-BF4B-00C04F79EFBC}") = "Lab_29_ASP_dotNET_API", "Lab_29_ASP_dotNET_API\Lab_29_ASP_dotNET_API.csproj", "{9CA3B030-D5A0-4428-8A2B-30A8939EE5AB}"
EndProject
Project("{9A19103F-16F7-4668-BE54-9A1E7A4F7556}") = "Lab_30_Northwind_to_XML", "Lab_30_Northwind_to_XML\Lab_30_Northwind_to_XML.csproj", "{21D6EE9A-A758-431C-8126-80C538B614E6}"
EndProject
Project("{9A19103F-16F7-4668-BE54-9A1E7A4F7556}") = "Lab_31_Struct", "Lab_31_Struct\Lab_31_Struct.csproj", "{5F930E2E-A4E5-47AB-B883-525D489FC315}"
EndProject
Project("{9A19103F-16F7-4668-BE54-9A1E7A4F7556}") = "Lab_32_CodeFirstDatabase", "Lab_32_CodeFirstDatabase\Lab_32_CodeFirstDatabase.csproj", "{21AE89EE-9B5B-473F-993E-29B285336494}"
EndProject
Project("{FAE04EC0-301F-11D3-BF4B-00C04F79EFBC}") = "Lab_32_CodeFirstEntity_Framework", "Lab_32_CodeFirstEntity_Framework\Lab_32_CodeFirstEntity_Framework.csproj", "{45A74CB6-0270-43F2-8C6E-281EA2929878}"
EndProject
Project("{FAE04EC0-301F-11D3-BF4B-00C04F79EFBC}") = "Lab_120_WPF_CodeFirstEntity", "Lab_120_WPF_CodeFirstEntity\Lab_120_WPF_CodeFirstEntity.csproj", "{100D2654-280E-4A03-B69B-D24F4F82795E}"
EndProject
Project("{FAE04EC0-301F-11D3-BF4B-00C04F79EFBC}") = "Lab_121_ASP_CodeFirstEntity01", "Lab_121_ASP_CodeFirstEntity\Lab_121_ASP_CodeFirstEntity01.csproj", "{FDBE2531-72DA-4344-926B-CB3EC69AE71C}"
EndProject
Project("{FAE04EC0-301F-11D3-BF4B-00C04F79EFBC}") = "Lab_121_ASP_CodeFirst02", "Lab_121_ASP_CodeFirst02\Lab_121_ASP_CodeFirst02.csproj", "{10CE0430-5383-4A17-908E-17BA6AA17BC8}"
EndProject
Project("{FAE04EC0-301F-11D3-BF4B-00C04F79EFBC}") = "Lab_33_TrivialEvent", "Lab_33_TrivialEvent\Lab_33_TrivialEvent.csproj", "{1EBE861D-6346-4DAC-8486-4795C453D311}"
EndProject
Project("{9A19103F-16F7-4668-BE54-9A1E7A4F7556}") = "Lab_34_WebsiteCore", "Lab_34_WebsiteCore\Lab_34_WebsiteCore.csproj", "{60CFDA44-A6D8-43F8-A787-4B2BD5255D15}"
EndProject
Project("{FAE04EC0-301F-11D3-BF4B-00C04F79EFBC}") = "Lab_122_NorthwindDotNETShop", "Lab_122_NorthwindDotNETShop\Lab_122_NorthwindDotNETShop.csproj", "{82512EF0-C2FD-44A3-97D2-BBDDBA221CF4}"
EndProject
Project("{FAE04EC0-301F-11D3-BF4B-00C04F79EFBC}") = "Lab_121_ASP_CodeFirstEntityTutorial", "Lab_121_ASP_CodeFirstEntityTutorial\Lab_121_ASP_CodeFirstEntityTutorial.csproj", "{B6A9C108-BCFA-481D-8D0F-C13CFACA06E9}"
EndProject
Global
	GlobalSection(SolutionConfigurationPlatforms) = preSolution
		Debug|Any CPU = Debug|Any CPU
		MICHAELTEST|Any CPU = MICHAELTEST|Any CPU
		Release|Any CPU = Release|Any CPU
	EndGlobalSection
	GlobalSection(ProjectConfigurationPlatforms) = postSolution
		{13FB721B-784B-483C-8080-BC47F3997E7B}.Debug|Any CPU.ActiveCfg = Debug|Any CPU
		{13FB721B-784B-483C-8080-BC47F3997E7B}.Debug|Any CPU.Build.0 = Debug|Any CPU
		{13FB721B-784B-483C-8080-BC47F3997E7B}.MICHAELTEST|Any CPU.ActiveCfg = Release|Any CPU
		{13FB721B-784B-483C-8080-BC47F3997E7B}.MICHAELTEST|Any CPU.Build.0 = Release|Any CPU
		{13FB721B-784B-483C-8080-BC47F3997E7B}.Release|Any CPU.ActiveCfg = Release|Any CPU
		{13FB721B-784B-483C-8080-BC47F3997E7B}.Release|Any CPU.Build.0 = Release|Any CPU
		{F695E5CC-6CAA-456C-9409-528632B5AD60}.Debug|Any CPU.ActiveCfg = Debug|Any CPU
		{F695E5CC-6CAA-456C-9409-528632B5AD60}.Debug|Any CPU.Build.0 = Debug|Any CPU
		{F695E5CC-6CAA-456C-9409-528632B5AD60}.MICHAELTEST|Any CPU.ActiveCfg = Release|Any CPU
		{F695E5CC-6CAA-456C-9409-528632B5AD60}.MICHAELTEST|Any CPU.Build.0 = Release|Any CPU
		{F695E5CC-6CAA-456C-9409-528632B5AD60}.Release|Any CPU.ActiveCfg = Release|Any CPU
		{F695E5CC-6CAA-456C-9409-528632B5AD60}.Release|Any CPU.Build.0 = Release|Any CPU
		{15E9BD48-C01E-4C0B-B912-9C5A3EA1EEC7}.Debug|Any CPU.ActiveCfg = Debug|Any CPU
		{15E9BD48-C01E-4C0B-B912-9C5A3EA1EEC7}.Debug|Any CPU.Build.0 = Debug|Any CPU
		{15E9BD48-C01E-4C0B-B912-9C5A3EA1EEC7}.MICHAELTEST|Any CPU.ActiveCfg = Release|Any CPU
		{15E9BD48-C01E-4C0B-B912-9C5A3EA1EEC7}.MICHAELTEST|Any CPU.Build.0 = Release|Any CPU
		{15E9BD48-C01E-4C0B-B912-9C5A3EA1EEC7}.Release|Any CPU.ActiveCfg = Release|Any CPU
		{15E9BD48-C01E-4C0B-B912-9C5A3EA1EEC7}.Release|Any CPU.Build.0 = Release|Any CPU
		{D6C2C551-BFB3-410E-B9F9-B7D5C2E3816F}.Debug|Any CPU.ActiveCfg = Debug|Any CPU
		{D6C2C551-BFB3-410E-B9F9-B7D5C2E3816F}.Debug|Any CPU.Build.0 = Debug|Any CPU
		{D6C2C551-BFB3-410E-B9F9-B7D5C2E3816F}.MICHAELTEST|Any CPU.ActiveCfg = Release|Any CPU
		{D6C2C551-BFB3-410E-B9F9-B7D5C2E3816F}.MICHAELTEST|Any CPU.Build.0 = Release|Any CPU
		{D6C2C551-BFB3-410E-B9F9-B7D5C2E3816F}.Release|Any CPU.ActiveCfg = Release|Any CPU
		{D6C2C551-BFB3-410E-B9F9-B7D5C2E3816F}.Release|Any CPU.Build.0 = Release|Any CPU
		{FFACCEC7-95B3-46DE-B4A2-3E7EDFD26554}.Debug|Any CPU.ActiveCfg = Debug|Any CPU
		{FFACCEC7-95B3-46DE-B4A2-3E7EDFD26554}.Debug|Any CPU.Build.0 = Debug|Any CPU
		{FFACCEC7-95B3-46DE-B4A2-3E7EDFD26554}.MICHAELTEST|Any CPU.ActiveCfg = Release|Any CPU
		{FFACCEC7-95B3-46DE-B4A2-3E7EDFD26554}.MICHAELTEST|Any CPU.Build.0 = Release|Any CPU
		{FFACCEC7-95B3-46DE-B4A2-3E7EDFD26554}.Release|Any CPU.ActiveCfg = Release|Any CPU
		{FFACCEC7-95B3-46DE-B4A2-3E7EDFD26554}.Release|Any CPU.Build.0 = Release|Any CPU
		{24CF22FF-2E5E-4DDC-AB32-DAAC2838660E}.Debug|Any CPU.ActiveCfg = Debug|Any CPU
		{24CF22FF-2E5E-4DDC-AB32-DAAC2838660E}.Debug|Any CPU.Build.0 = Debug|Any CPU
		{24CF22FF-2E5E-4DDC-AB32-DAAC2838660E}.MICHAELTEST|Any CPU.ActiveCfg = Release|Any CPU
		{24CF22FF-2E5E-4DDC-AB32-DAAC2838660E}.MICHAELTEST|Any CPU.Build.0 = Release|Any CPU
		{24CF22FF-2E5E-4DDC-AB32-DAAC2838660E}.Release|Any CPU.ActiveCfg = Release|Any CPU
		{24CF22FF-2E5E-4DDC-AB32-DAAC2838660E}.Release|Any CPU.Build.0 = Release|Any CPU
		{64618288-EEDF-4E26-B6A7-383452945227}.Debug|Any CPU.ActiveCfg = Debug|Any CPU
		{64618288-EEDF-4E26-B6A7-383452945227}.Debug|Any CPU.Build.0 = Debug|Any CPU
		{64618288-EEDF-4E26-B6A7-383452945227}.MICHAELTEST|Any CPU.ActiveCfg = Release|Any CPU
		{64618288-EEDF-4E26-B6A7-383452945227}.MICHAELTEST|Any CPU.Build.0 = Release|Any CPU
		{64618288-EEDF-4E26-B6A7-383452945227}.Release|Any CPU.ActiveCfg = Release|Any CPU
		{64618288-EEDF-4E26-B6A7-383452945227}.Release|Any CPU.Build.0 = Release|Any CPU
		{2E368FAC-D23F-4915-AFAD-B6322D10243C}.Debug|Any CPU.ActiveCfg = Debug|Any CPU
		{2E368FAC-D23F-4915-AFAD-B6322D10243C}.Debug|Any CPU.Build.0 = Debug|Any CPU
		{2E368FAC-D23F-4915-AFAD-B6322D10243C}.MICHAELTEST|Any CPU.ActiveCfg = Release|Any CPU
		{2E368FAC-D23F-4915-AFAD-B6322D10243C}.MICHAELTEST|Any CPU.Build.0 = Release|Any CPU
		{2E368FAC-D23F-4915-AFAD-B6322D10243C}.Release|Any CPU.ActiveCfg = Release|Any CPU
		{2E368FAC-D23F-4915-AFAD-B6322D10243C}.Release|Any CPU.Build.0 = Release|Any CPU
		{E2F028C2-E867-4441-B261-C2EE986BADA6}.Debug|Any CPU.ActiveCfg = Debug|Any CPU
		{E2F028C2-E867-4441-B261-C2EE986BADA6}.Debug|Any CPU.Build.0 = Debug|Any CPU
		{E2F028C2-E867-4441-B261-C2EE986BADA6}.MICHAELTEST|Any CPU.ActiveCfg = Release|Any CPU
		{E2F028C2-E867-4441-B261-C2EE986BADA6}.MICHAELTEST|Any CPU.Build.0 = Release|Any CPU
		{E2F028C2-E867-4441-B261-C2EE986BADA6}.Release|Any CPU.ActiveCfg = Release|Any CPU
		{E2F028C2-E867-4441-B261-C2EE986BADA6}.Release|Any CPU.Build.0 = Release|Any CPU
		{20A5CABF-561F-437B-8E7B-6F234AA6F766}.Debug|Any CPU.ActiveCfg = Debug|Any CPU
		{20A5CABF-561F-437B-8E7B-6F234AA6F766}.Debug|Any CPU.Build.0 = Debug|Any CPU
		{20A5CABF-561F-437B-8E7B-6F234AA6F766}.MICHAELTEST|Any CPU.ActiveCfg = Release|Any CPU
		{20A5CABF-561F-437B-8E7B-6F234AA6F766}.MICHAELTEST|Any CPU.Build.0 = Release|Any CPU
		{20A5CABF-561F-437B-8E7B-6F234AA6F766}.Release|Any CPU.ActiveCfg = Release|Any CPU
		{20A5CABF-561F-437B-8E7B-6F234AA6F766}.Release|Any CPU.Build.0 = Release|Any CPU
		{DA5F2C29-CB5E-4C92-BB6A-834CC653B5AB}.Debug|Any CPU.ActiveCfg = Debug|Any CPU
		{DA5F2C29-CB5E-4C92-BB6A-834CC653B5AB}.Debug|Any CPU.Build.0 = Debug|Any CPU
		{DA5F2C29-CB5E-4C92-BB6A-834CC653B5AB}.MICHAELTEST|Any CPU.ActiveCfg = Release|Any CPU
		{DA5F2C29-CB5E-4C92-BB6A-834CC653B5AB}.MICHAELTEST|Any CPU.Build.0 = Release|Any CPU
		{DA5F2C29-CB5E-4C92-BB6A-834CC653B5AB}.Release|Any CPU.ActiveCfg = Release|Any CPU
		{DA5F2C29-CB5E-4C92-BB6A-834CC653B5AB}.Release|Any CPU.Build.0 = Release|Any CPU
		{A4890D82-E035-4C8E-9C37-3392BC6ACD9B}.Debug|Any CPU.ActiveCfg = Debug|Any CPU
		{A4890D82-E035-4C8E-9C37-3392BC6ACD9B}.Debug|Any CPU.Build.0 = Debug|Any CPU
		{A4890D82-E035-4C8E-9C37-3392BC6ACD9B}.MICHAELTEST|Any CPU.ActiveCfg = Release|Any CPU
		{A4890D82-E035-4C8E-9C37-3392BC6ACD9B}.MICHAELTEST|Any CPU.Build.0 = Release|Any CPU
		{A4890D82-E035-4C8E-9C37-3392BC6ACD9B}.Release|Any CPU.ActiveCfg = Release|Any CPU
		{A4890D82-E035-4C8E-9C37-3392BC6ACD9B}.Release|Any CPU.Build.0 = Release|Any CPU
		{0D68C9D9-0CFA-4B53-ADA0-493AD726F71B}.Debug|Any CPU.ActiveCfg = Debug|Any CPU
		{0D68C9D9-0CFA-4B53-ADA0-493AD726F71B}.Debug|Any CPU.Build.0 = Debug|Any CPU
		{0D68C9D9-0CFA-4B53-ADA0-493AD726F71B}.MICHAELTEST|Any CPU.ActiveCfg = Release|Any CPU
		{0D68C9D9-0CFA-4B53-ADA0-493AD726F71B}.MICHAELTEST|Any CPU.Build.0 = Release|Any CPU
		{0D68C9D9-0CFA-4B53-ADA0-493AD726F71B}.Release|Any CPU.ActiveCfg = Release|Any CPU
		{0D68C9D9-0CFA-4B53-ADA0-493AD726F71B}.Release|Any CPU.Build.0 = Release|Any CPU
		{9F3E4749-CB4E-4BD8-9D1E-7B61F7880DB5}.Debug|Any CPU.ActiveCfg = Debug|Any CPU
		{9F3E4749-CB4E-4BD8-9D1E-7B61F7880DB5}.Debug|Any CPU.Build.0 = Debug|Any CPU
		{9F3E4749-CB4E-4BD8-9D1E-7B61F7880DB5}.MICHAELTEST|Any CPU.ActiveCfg = Release|Any CPU
		{9F3E4749-CB4E-4BD8-9D1E-7B61F7880DB5}.MICHAELTEST|Any CPU.Build.0 = Release|Any CPU
		{9F3E4749-CB4E-4BD8-9D1E-7B61F7880DB5}.Release|Any CPU.ActiveCfg = Release|Any CPU
		{9F3E4749-CB4E-4BD8-9D1E-7B61F7880DB5}.Release|Any CPU.Build.0 = Release|Any CPU
		{F4360AB6-11EC-477B-8667-ED32407ACE46}.Debug|Any CPU.ActiveCfg = Debug|Any CPU
		{F4360AB6-11EC-477B-8667-ED32407ACE46}.Debug|Any CPU.Build.0 = Debug|Any CPU
		{F4360AB6-11EC-477B-8667-ED32407ACE46}.MICHAELTEST|Any CPU.ActiveCfg = Release|Any CPU
		{F4360AB6-11EC-477B-8667-ED32407ACE46}.MICHAELTEST|Any CPU.Build.0 = Release|Any CPU
		{F4360AB6-11EC-477B-8667-ED32407ACE46}.Release|Any CPU.ActiveCfg = Release|Any CPU
		{F4360AB6-11EC-477B-8667-ED32407ACE46}.Release|Any CPU.Build.0 = Release|Any CPU
		{3B0B1194-9539-4BCF-827B-320D470E668B}.Debug|Any CPU.ActiveCfg = Debug|Any CPU
		{3B0B1194-9539-4BCF-827B-320D470E668B}.Debug|Any CPU.Build.0 = Debug|Any CPU
		{3B0B1194-9539-4BCF-827B-320D470E668B}.MICHAELTEST|Any CPU.ActiveCfg = Release|Any CPU
		{3B0B1194-9539-4BCF-827B-320D470E668B}.MICHAELTEST|Any CPU.Build.0 = Release|Any CPU
		{3B0B1194-9539-4BCF-827B-320D470E668B}.Release|Any CPU.ActiveCfg = Release|Any CPU
		{3B0B1194-9539-4BCF-827B-320D470E668B}.Release|Any CPU.Build.0 = Release|Any CPU
		{79C55565-63F1-4C93-82AB-BA4F7DABCEFC}.Debug|Any CPU.ActiveCfg = Debug|Any CPU
		{79C55565-63F1-4C93-82AB-BA4F7DABCEFC}.Debug|Any CPU.Build.0 = Debug|Any CPU
		{79C55565-63F1-4C93-82AB-BA4F7DABCEFC}.MICHAELTEST|Any CPU.ActiveCfg = Release|Any CPU
		{79C55565-63F1-4C93-82AB-BA4F7DABCEFC}.MICHAELTEST|Any CPU.Build.0 = Release|Any CPU
		{79C55565-63F1-4C93-82AB-BA4F7DABCEFC}.Release|Any CPU.ActiveCfg = Release|Any CPU
		{79C55565-63F1-4C93-82AB-BA4F7DABCEFC}.Release|Any CPU.Build.0 = Release|Any CPU
		{DEA22DC2-89A2-4732-9E35-146624B9EF2B}.Debug|Any CPU.ActiveCfg = Debug|Any CPU
		{DEA22DC2-89A2-4732-9E35-146624B9EF2B}.Debug|Any CPU.Build.0 = Debug|Any CPU
		{DEA22DC2-89A2-4732-9E35-146624B9EF2B}.MICHAELTEST|Any CPU.ActiveCfg = Release|Any CPU
		{DEA22DC2-89A2-4732-9E35-146624B9EF2B}.MICHAELTEST|Any CPU.Build.0 = Release|Any CPU
		{DEA22DC2-89A2-4732-9E35-146624B9EF2B}.Release|Any CPU.ActiveCfg = Release|Any CPU
		{DEA22DC2-89A2-4732-9E35-146624B9EF2B}.Release|Any CPU.Build.0 = Release|Any CPU
		{1B0C2853-345A-4CE8-B70C-55A818F6845A}.Debug|Any CPU.ActiveCfg = Debug|Any CPU
		{1B0C2853-345A-4CE8-B70C-55A818F6845A}.Debug|Any CPU.Build.0 = Debug|Any CPU
		{1B0C2853-345A-4CE8-B70C-55A818F6845A}.MICHAELTEST|Any CPU.ActiveCfg = Release|Any CPU
		{1B0C2853-345A-4CE8-B70C-55A818F6845A}.MICHAELTEST|Any CPU.Build.0 = Release|Any CPU
		{1B0C2853-345A-4CE8-B70C-55A818F6845A}.Release|Any CPU.ActiveCfg = Release|Any CPU
		{1B0C2853-345A-4CE8-B70C-55A818F6845A}.Release|Any CPU.Build.0 = Release|Any CPU
		{2138B615-F743-4F92-A17A-4F7A2793F21C}.Debug|Any CPU.ActiveCfg = Debug|Any CPU
		{2138B615-F743-4F92-A17A-4F7A2793F21C}.Debug|Any CPU.Build.0 = Debug|Any CPU
		{2138B615-F743-4F92-A17A-4F7A2793F21C}.MICHAELTEST|Any CPU.ActiveCfg = Release|Any CPU
		{2138B615-F743-4F92-A17A-4F7A2793F21C}.MICHAELTEST|Any CPU.Build.0 = Release|Any CPU
		{2138B615-F743-4F92-A17A-4F7A2793F21C}.Release|Any CPU.ActiveCfg = Release|Any CPU
		{2138B615-F743-4F92-A17A-4F7A2793F21C}.Release|Any CPU.Build.0 = Release|Any CPU
		{81A6628A-D88E-485F-BC8D-2AF9E2F6D2D5}.Debug|Any CPU.ActiveCfg = Debug|Any CPU
		{81A6628A-D88E-485F-BC8D-2AF9E2F6D2D5}.Debug|Any CPU.Build.0 = Debug|Any CPU
		{81A6628A-D88E-485F-BC8D-2AF9E2F6D2D5}.MICHAELTEST|Any CPU.ActiveCfg = Release|Any CPU
		{81A6628A-D88E-485F-BC8D-2AF9E2F6D2D5}.MICHAELTEST|Any CPU.Build.0 = Release|Any CPU
		{81A6628A-D88E-485F-BC8D-2AF9E2F6D2D5}.Release|Any CPU.ActiveCfg = Release|Any CPU
		{81A6628A-D88E-485F-BC8D-2AF9E2F6D2D5}.Release|Any CPU.Build.0 = Release|Any CPU
		{A64A71D8-D2BF-4A6E-A089-96808D47D795}.Debug|Any CPU.ActiveCfg = Debug|Any CPU
		{A64A71D8-D2BF-4A6E-A089-96808D47D795}.Debug|Any CPU.Build.0 = Debug|Any CPU
		{A64A71D8-D2BF-4A6E-A089-96808D47D795}.MICHAELTEST|Any CPU.ActiveCfg = Release|Any CPU
		{A64A71D8-D2BF-4A6E-A089-96808D47D795}.MICHAELTEST|Any CPU.Build.0 = Release|Any CPU
		{A64A71D8-D2BF-4A6E-A089-96808D47D795}.Release|Any CPU.ActiveCfg = Release|Any CPU
		{A64A71D8-D2BF-4A6E-A089-96808D47D795}.Release|Any CPU.Build.0 = Release|Any CPU
		{FEFD4172-DDAA-4439-8EFA-26F81E535025}.Debug|Any CPU.ActiveCfg = Debug|Any CPU
		{FEFD4172-DDAA-4439-8EFA-26F81E535025}.Debug|Any CPU.Build.0 = Debug|Any CPU
		{FEFD4172-DDAA-4439-8EFA-26F81E535025}.MICHAELTEST|Any CPU.ActiveCfg = Release|Any CPU
		{FEFD4172-DDAA-4439-8EFA-26F81E535025}.MICHAELTEST|Any CPU.Build.0 = Release|Any CPU
		{FEFD4172-DDAA-4439-8EFA-26F81E535025}.Release|Any CPU.ActiveCfg = Release|Any CPU
		{FEFD4172-DDAA-4439-8EFA-26F81E535025}.Release|Any CPU.Build.0 = Release|Any CPU
		{916759C0-AD3B-4074-B289-EA44121C9B1E}.Debug|Any CPU.ActiveCfg = Debug|Any CPU
		{916759C0-AD3B-4074-B289-EA44121C9B1E}.Debug|Any CPU.Build.0 = Debug|Any CPU
		{916759C0-AD3B-4074-B289-EA44121C9B1E}.MICHAELTEST|Any CPU.ActiveCfg = Release|Any CPU
		{916759C0-AD3B-4074-B289-EA44121C9B1E}.MICHAELTEST|Any CPU.Build.0 = Release|Any CPU
		{916759C0-AD3B-4074-B289-EA44121C9B1E}.Release|Any CPU.ActiveCfg = Release|Any CPU
		{916759C0-AD3B-4074-B289-EA44121C9B1E}.Release|Any CPU.Build.0 = Release|Any CPU
		{353A3B4D-D69E-47BF-A8F4-B089B94B2432}.Debug|Any CPU.ActiveCfg = Debug|Any CPU
		{353A3B4D-D69E-47BF-A8F4-B089B94B2432}.Debug|Any CPU.Build.0 = Debug|Any CPU
		{353A3B4D-D69E-47BF-A8F4-B089B94B2432}.MICHAELTEST|Any CPU.ActiveCfg = Release|Any CPU
		{353A3B4D-D69E-47BF-A8F4-B089B94B2432}.MICHAELTEST|Any CPU.Build.0 = Release|Any CPU
		{353A3B4D-D69E-47BF-A8F4-B089B94B2432}.Release|Any CPU.ActiveCfg = Release|Any CPU
		{353A3B4D-D69E-47BF-A8F4-B089B94B2432}.Release|Any CPU.Build.0 = Release|Any CPU
		{8BA71288-12A7-4ED1-BB90-DFD5816ADF9E}.Debug|Any CPU.ActiveCfg = Debug|Any CPU
		{8BA71288-12A7-4ED1-BB90-DFD5816ADF9E}.Debug|Any CPU.Build.0 = Debug|Any CPU
		{8BA71288-12A7-4ED1-BB90-DFD5816ADF9E}.MICHAELTEST|Any CPU.ActiveCfg = Release|Any CPU
		{8BA71288-12A7-4ED1-BB90-DFD5816ADF9E}.MICHAELTEST|Any CPU.Build.0 = Release|Any CPU
		{8BA71288-12A7-4ED1-BB90-DFD5816ADF9E}.Release|Any CPU.ActiveCfg = Release|Any CPU
		{8BA71288-12A7-4ED1-BB90-DFD5816ADF9E}.Release|Any CPU.Build.0 = Release|Any CPU
		{2153BB6D-553C-4F87-8B61-9E1FB7E3F532}.Debug|Any CPU.ActiveCfg = Debug|Any CPU
		{2153BB6D-553C-4F87-8B61-9E1FB7E3F532}.Debug|Any CPU.Build.0 = Debug|Any CPU
		{2153BB6D-553C-4F87-8B61-9E1FB7E3F532}.MICHAELTEST|Any CPU.ActiveCfg = Release|Any CPU
		{2153BB6D-553C-4F87-8B61-9E1FB7E3F532}.MICHAELTEST|Any CPU.Build.0 = Release|Any CPU
		{2153BB6D-553C-4F87-8B61-9E1FB7E3F532}.Release|Any CPU.ActiveCfg = Release|Any CPU
		{2153BB6D-553C-4F87-8B61-9E1FB7E3F532}.Release|Any CPU.Build.0 = Release|Any CPU
		{58A64792-B106-493B-A3E9-69ABD30512D8}.Debug|Any CPU.ActiveCfg = Debug|Any CPU
		{58A64792-B106-493B-A3E9-69ABD30512D8}.Debug|Any CPU.Build.0 = Debug|Any CPU
		{58A64792-B106-493B-A3E9-69ABD30512D8}.MICHAELTEST|Any CPU.ActiveCfg = Release|Any CPU
		{58A64792-B106-493B-A3E9-69ABD30512D8}.MICHAELTEST|Any CPU.Build.0 = Release|Any CPU
		{58A64792-B106-493B-A3E9-69ABD30512D8}.Release|Any CPU.ActiveCfg = Release|Any CPU
		{58A64792-B106-493B-A3E9-69ABD30512D8}.Release|Any CPU.Build.0 = Release|Any CPU
		{656DC9D4-8336-4BF5-879E-0CE11B329A18}.Debug|Any CPU.ActiveCfg = Debug|Any CPU
		{656DC9D4-8336-4BF5-879E-0CE11B329A18}.Debug|Any CPU.Build.0 = Debug|Any CPU
		{656DC9D4-8336-4BF5-879E-0CE11B329A18}.MICHAELTEST|Any CPU.ActiveCfg = Release|Any CPU
		{656DC9D4-8336-4BF5-879E-0CE11B329A18}.MICHAELTEST|Any CPU.Build.0 = Release|Any CPU
		{656DC9D4-8336-4BF5-879E-0CE11B329A18}.Release|Any CPU.ActiveCfg = Release|Any CPU
		{656DC9D4-8336-4BF5-879E-0CE11B329A18}.Release|Any CPU.Build.0 = Release|Any CPU
		{9D340A7A-9928-46C2-84C1-2685485ED81B}.Debug|Any CPU.ActiveCfg = Debug|Any CPU
		{9D340A7A-9928-46C2-84C1-2685485ED81B}.Debug|Any CPU.Build.0 = Debug|Any CPU
		{9D340A7A-9928-46C2-84C1-2685485ED81B}.MICHAELTEST|Any CPU.ActiveCfg = Release|Any CPU
		{9D340A7A-9928-46C2-84C1-2685485ED81B}.MICHAELTEST|Any CPU.Build.0 = Release|Any CPU
		{9D340A7A-9928-46C2-84C1-2685485ED81B}.Release|Any CPU.ActiveCfg = Release|Any CPU
		{9D340A7A-9928-46C2-84C1-2685485ED81B}.Release|Any CPU.Build.0 = Release|Any CPU
		{55202400-7EC7-4E0D-9135-15681B8A2351}.Debug|Any CPU.ActiveCfg = Debug|Any CPU
		{55202400-7EC7-4E0D-9135-15681B8A2351}.Debug|Any CPU.Build.0 = Debug|Any CPU
		{55202400-7EC7-4E0D-9135-15681B8A2351}.MICHAELTEST|Any CPU.ActiveCfg = Debug|Any CPU
		{55202400-7EC7-4E0D-9135-15681B8A2351}.MICHAELTEST|Any CPU.Build.0 = Debug|Any CPU
		{55202400-7EC7-4E0D-9135-15681B8A2351}.Release|Any CPU.ActiveCfg = Release|Any CPU
		{55202400-7EC7-4E0D-9135-15681B8A2351}.Release|Any CPU.Build.0 = Release|Any CPU
		{62E20857-6625-42D5-B552-15539A9347F6}.Debug|Any CPU.ActiveCfg = Debug|Any CPU
		{62E20857-6625-42D5-B552-15539A9347F6}.Debug|Any CPU.Build.0 = Debug|Any CPU
		{62E20857-6625-42D5-B552-15539A9347F6}.MICHAELTEST|Any CPU.ActiveCfg = Debug|Any CPU
		{62E20857-6625-42D5-B552-15539A9347F6}.MICHAELTEST|Any CPU.Build.0 = Debug|Any CPU
		{62E20857-6625-42D5-B552-15539A9347F6}.Release|Any CPU.ActiveCfg = Release|Any CPU
		{62E20857-6625-42D5-B552-15539A9347F6}.Release|Any CPU.Build.0 = Release|Any CPU
		{DB6D7B0D-DB08-46B5-BB20-E76BCFC6DDBC}.Debug|Any CPU.ActiveCfg = Debug|Any CPU
		{DB6D7B0D-DB08-46B5-BB20-E76BCFC6DDBC}.Debug|Any CPU.Build.0 = Debug|Any CPU
		{DB6D7B0D-DB08-46B5-BB20-E76BCFC6DDBC}.MICHAELTEST|Any CPU.ActiveCfg = Debug|Any CPU
		{DB6D7B0D-DB08-46B5-BB20-E76BCFC6DDBC}.MICHAELTEST|Any CPU.Build.0 = Debug|Any CPU
		{DB6D7B0D-DB08-46B5-BB20-E76BCFC6DDBC}.Release|Any CPU.ActiveCfg = Release|Any CPU
		{DB6D7B0D-DB08-46B5-BB20-E76BCFC6DDBC}.Release|Any CPU.Build.0 = Release|Any CPU
		{77FB4079-AC6B-41CE-889F-D9A4A94E74A0}.Debug|Any CPU.ActiveCfg = Debug|Any CPU
		{77FB4079-AC6B-41CE-889F-D9A4A94E74A0}.Debug|Any CPU.Build.0 = Debug|Any CPU
		{77FB4079-AC6B-41CE-889F-D9A4A94E74A0}.MICHAELTEST|Any CPU.ActiveCfg = Release|Any CPU
		{77FB4079-AC6B-41CE-889F-D9A4A94E74A0}.MICHAELTEST|Any CPU.Build.0 = Release|Any CPU
		{77FB4079-AC6B-41CE-889F-D9A4A94E74A0}.Release|Any CPU.ActiveCfg = Release|Any CPU
		{77FB4079-AC6B-41CE-889F-D9A4A94E74A0}.Release|Any CPU.Build.0 = Release|Any CPU
		{F917C30F-A8CD-4330-8FE8-DF8461C7B9DA}.Debug|Any CPU.ActiveCfg = Debug|Any CPU
		{F917C30F-A8CD-4330-8FE8-DF8461C7B9DA}.Debug|Any CPU.Build.0 = Debug|Any CPU
		{F917C30F-A8CD-4330-8FE8-DF8461C7B9DA}.MICHAELTEST|Any CPU.ActiveCfg = Release|Any CPU
		{F917C30F-A8CD-4330-8FE8-DF8461C7B9DA}.MICHAELTEST|Any CPU.Build.0 = Release|Any CPU
		{F917C30F-A8CD-4330-8FE8-DF8461C7B9DA}.Release|Any CPU.ActiveCfg = Release|Any CPU
		{F917C30F-A8CD-4330-8FE8-DF8461C7B9DA}.Release|Any CPU.Build.0 = Release|Any CPU
		{1DC2EB5F-54A8-48A2-BC25-3BAA43F9A2EE}.Debug|Any CPU.ActiveCfg = Debug|Any CPU
		{1DC2EB5F-54A8-48A2-BC25-3BAA43F9A2EE}.Debug|Any CPU.Build.0 = Debug|Any CPU
		{1DC2EB5F-54A8-48A2-BC25-3BAA43F9A2EE}.MICHAELTEST|Any CPU.ActiveCfg = Release|Any CPU
		{1DC2EB5F-54A8-48A2-BC25-3BAA43F9A2EE}.MICHAELTEST|Any CPU.Build.0 = Release|Any CPU
		{1DC2EB5F-54A8-48A2-BC25-3BAA43F9A2EE}.Release|Any CPU.ActiveCfg = Release|Any CPU
		{1DC2EB5F-54A8-48A2-BC25-3BAA43F9A2EE}.Release|Any CPU.Build.0 = Release|Any CPU
		{DE938210-BF1B-4065-B382-6D6A6FA0052F}.Debug|Any CPU.ActiveCfg = Debug|Any CPU
		{DE938210-BF1B-4065-B382-6D6A6FA0052F}.Debug|Any CPU.Build.0 = Debug|Any CPU
		{DE938210-BF1B-4065-B382-6D6A6FA0052F}.MICHAELTEST|Any CPU.ActiveCfg = Release|Any CPU
		{DE938210-BF1B-4065-B382-6D6A6FA0052F}.MICHAELTEST|Any CPU.Build.0 = Release|Any CPU
		{DE938210-BF1B-4065-B382-6D6A6FA0052F}.Release|Any CPU.ActiveCfg = Release|Any CPU
		{DE938210-BF1B-4065-B382-6D6A6FA0052F}.Release|Any CPU.Build.0 = Release|Any CPU
		{D3A89218-EBF4-4F47-A666-64F382D1B4B1}.Debug|Any CPU.ActiveCfg = Debug|Any CPU
		{D3A89218-EBF4-4F47-A666-64F382D1B4B1}.Debug|Any CPU.Build.0 = Debug|Any CPU
		{D3A89218-EBF4-4F47-A666-64F382D1B4B1}.MICHAELTEST|Any CPU.ActiveCfg = Release|Any CPU
		{D3A89218-EBF4-4F47-A666-64F382D1B4B1}.MICHAELTEST|Any CPU.Build.0 = Release|Any CPU
		{D3A89218-EBF4-4F47-A666-64F382D1B4B1}.Release|Any CPU.ActiveCfg = Release|Any CPU
		{D3A89218-EBF4-4F47-A666-64F382D1B4B1}.Release|Any CPU.Build.0 = Release|Any CPU
		{ECEAE3AE-6F59-40E3-9F8E-03199F8CAA99}.Debug|Any CPU.ActiveCfg = Debug|Any CPU
		{ECEAE3AE-6F59-40E3-9F8E-03199F8CAA99}.Debug|Any CPU.Build.0 = Debug|Any CPU
		{ECEAE3AE-6F59-40E3-9F8E-03199F8CAA99}.MICHAELTEST|Any CPU.ActiveCfg = Release|Any CPU
		{ECEAE3AE-6F59-40E3-9F8E-03199F8CAA99}.MICHAELTEST|Any CPU.Build.0 = Release|Any CPU
		{ECEAE3AE-6F59-40E3-9F8E-03199F8CAA99}.Release|Any CPU.ActiveCfg = Release|Any CPU
		{ECEAE3AE-6F59-40E3-9F8E-03199F8CAA99}.Release|Any CPU.Build.0 = Release|Any CPU
		{17ABF5B3-A0D1-4C62-99C4-0AC0E29849CA}.Debug|Any CPU.ActiveCfg = Debug|Any CPU
		{17ABF5B3-A0D1-4C62-99C4-0AC0E29849CA}.Debug|Any CPU.Build.0 = Debug|Any CPU
		{17ABF5B3-A0D1-4C62-99C4-0AC0E29849CA}.MICHAELTEST|Any CPU.ActiveCfg = Release|Any CPU
		{17ABF5B3-A0D1-4C62-99C4-0AC0E29849CA}.MICHAELTEST|Any CPU.Build.0 = Release|Any CPU
		{17ABF5B3-A0D1-4C62-99C4-0AC0E29849CA}.Release|Any CPU.ActiveCfg = Release|Any CPU
		{17ABF5B3-A0D1-4C62-99C4-0AC0E29849CA}.Release|Any CPU.Build.0 = Release|Any CPU
		{03881BD4-231A-4E93-9DD8-A336D7983381}.Debug|Any CPU.ActiveCfg = Debug|Any CPU
		{03881BD4-231A-4E93-9DD8-A336D7983381}.Debug|Any CPU.Build.0 = Debug|Any CPU
		{03881BD4-231A-4E93-9DD8-A336D7983381}.MICHAELTEST|Any CPU.ActiveCfg = Debug|Any CPU
		{03881BD4-231A-4E93-9DD8-A336D7983381}.MICHAELTEST|Any CPU.Build.0 = Debug|Any CPU
		{03881BD4-231A-4E93-9DD8-A336D7983381}.Release|Any CPU.ActiveCfg = Release|Any CPU
		{03881BD4-231A-4E93-9DD8-A336D7983381}.Release|Any CPU.Build.0 = Release|Any CPU
		{86704159-94BF-4D42-8AC8-91F9BF3F6C1A}.Debug|Any CPU.ActiveCfg = Debug|Any CPU
		{86704159-94BF-4D42-8AC8-91F9BF3F6C1A}.Debug|Any CPU.Build.0 = Debug|Any CPU
		{86704159-94BF-4D42-8AC8-91F9BF3F6C1A}.MICHAELTEST|Any CPU.ActiveCfg = Debug|Any CPU
		{86704159-94BF-4D42-8AC8-91F9BF3F6C1A}.MICHAELTEST|Any CPU.Build.0 = Debug|Any CPU
		{86704159-94BF-4D42-8AC8-91F9BF3F6C1A}.Release|Any CPU.ActiveCfg = Release|Any CPU
		{86704159-94BF-4D42-8AC8-91F9BF3F6C1A}.Release|Any CPU.Build.0 = Release|Any CPU
		{DB1D57D7-96F1-4902-AED7-308DD498D062}.Debug|Any CPU.ActiveCfg = Debug|Any CPU
		{DB1D57D7-96F1-4902-AED7-308DD498D062}.Debug|Any CPU.Build.0 = Debug|Any CPU
		{DB1D57D7-96F1-4902-AED7-308DD498D062}.MICHAELTEST|Any CPU.ActiveCfg = Release|Any CPU
		{DB1D57D7-96F1-4902-AED7-308DD498D062}.MICHAELTEST|Any CPU.Build.0 = Release|Any CPU
		{DB1D57D7-96F1-4902-AED7-308DD498D062}.Release|Any CPU.ActiveCfg = Release|Any CPU
		{DB1D57D7-96F1-4902-AED7-308DD498D062}.Release|Any CPU.Build.0 = Release|Any CPU
		{ABC839E2-D328-41EF-9465-D70837B81527}.Debug|Any CPU.ActiveCfg = Debug|Any CPU
		{ABC839E2-D328-41EF-9465-D70837B81527}.Debug|Any CPU.Build.0 = Debug|Any CPU
		{ABC839E2-D328-41EF-9465-D70837B81527}.MICHAELTEST|Any CPU.ActiveCfg = Release|Any CPU
		{ABC839E2-D328-41EF-9465-D70837B81527}.MICHAELTEST|Any CPU.Build.0 = Release|Any CPU
		{ABC839E2-D328-41EF-9465-D70837B81527}.Release|Any CPU.ActiveCfg = Release|Any CPU
		{ABC839E2-D328-41EF-9465-D70837B81527}.Release|Any CPU.Build.0 = Release|Any CPU
		{037FA740-4337-4CCC-B148-D39D5B0F29D2}.Debug|Any CPU.ActiveCfg = Debug|Any CPU
		{037FA740-4337-4CCC-B148-D39D5B0F29D2}.Debug|Any CPU.Build.0 = Debug|Any CPU
		{037FA740-4337-4CCC-B148-D39D5B0F29D2}.MICHAELTEST|Any CPU.ActiveCfg = Release|Any CPU
		{037FA740-4337-4CCC-B148-D39D5B0F29D2}.MICHAELTEST|Any CPU.Build.0 = Release|Any CPU
		{037FA740-4337-4CCC-B148-D39D5B0F29D2}.Release|Any CPU.ActiveCfg = Release|Any CPU
		{037FA740-4337-4CCC-B148-D39D5B0F29D2}.Release|Any CPU.Build.0 = Release|Any CPU
		{D8D39992-0450-40D3-AB04-4E0785C212B4}.Debug|Any CPU.ActiveCfg = Debug|Any CPU
		{D8D39992-0450-40D3-AB04-4E0785C212B4}.Debug|Any CPU.Build.0 = Debug|Any CPU
		{D8D39992-0450-40D3-AB04-4E0785C212B4}.MICHAELTEST|Any CPU.ActiveCfg = Debug|Any CPU
		{D8D39992-0450-40D3-AB04-4E0785C212B4}.MICHAELTEST|Any CPU.Build.0 = Debug|Any CPU
		{D8D39992-0450-40D3-AB04-4E0785C212B4}.Release|Any CPU.ActiveCfg = Release|Any CPU
		{D8D39992-0450-40D3-AB04-4E0785C212B4}.Release|Any CPU.Build.0 = Release|Any CPU
		{E3CE2A16-08AD-49D1-8D16-B77A48B7E748}.Debug|Any CPU.ActiveCfg = Debug|Any CPU
		{E3CE2A16-08AD-49D1-8D16-B77A48B7E748}.Debug|Any CPU.Build.0 = Debug|Any CPU
		{E3CE2A16-08AD-49D1-8D16-B77A48B7E748}.MICHAELTEST|Any CPU.ActiveCfg = Release|Any CPU
		{E3CE2A16-08AD-49D1-8D16-B77A48B7E748}.MICHAELTEST|Any CPU.Build.0 = Release|Any CPU
		{E3CE2A16-08AD-49D1-8D16-B77A48B7E748}.Release|Any CPU.ActiveCfg = Release|Any CPU
		{E3CE2A16-08AD-49D1-8D16-B77A48B7E748}.Release|Any CPU.Build.0 = Release|Any CPU
		{9CA3B030-D5A0-4428-8A2B-30A8939EE5AB}.Debug|Any CPU.ActiveCfg = Debug|Any CPU
		{9CA3B030-D5A0-4428-8A2B-30A8939EE5AB}.Debug|Any CPU.Build.0 = Debug|Any CPU
		{9CA3B030-D5A0-4428-8A2B-30A8939EE5AB}.MICHAELTEST|Any CPU.ActiveCfg = Release|Any CPU
		{9CA3B030-D5A0-4428-8A2B-30A8939EE5AB}.MICHAELTEST|Any CPU.Build.0 = Release|Any CPU
		{9CA3B030-D5A0-4428-8A2B-30A8939EE5AB}.Release|Any CPU.ActiveCfg = Release|Any CPU
		{9CA3B030-D5A0-4428-8A2B-30A8939EE5AB}.Release|Any CPU.Build.0 = Release|Any CPU
		{21D6EE9A-A758-431C-8126-80C538B614E6}.Debug|Any CPU.ActiveCfg = Debug|Any CPU
		{21D6EE9A-A758-431C-8126-80C538B614E6}.Debug|Any CPU.Build.0 = Debug|Any CPU
		{21D6EE9A-A758-431C-8126-80C538B614E6}.MICHAELTEST|Any CPU.ActiveCfg = Debug|Any CPU
		{21D6EE9A-A758-431C-8126-80C538B614E6}.MICHAELTEST|Any CPU.Build.0 = Debug|Any CPU
		{21D6EE9A-A758-431C-8126-80C538B614E6}.Release|Any CPU.ActiveCfg = Release|Any CPU
		{21D6EE9A-A758-431C-8126-80C538B614E6}.Release|Any CPU.Build.0 = Release|Any CPU
		{5F930E2E-A4E5-47AB-B883-525D489FC315}.Debug|Any CPU.ActiveCfg = Debug|Any CPU
		{5F930E2E-A4E5-47AB-B883-525D489FC315}.Debug|Any CPU.Build.0 = Debug|Any CPU
		{5F930E2E-A4E5-47AB-B883-525D489FC315}.MICHAELTEST|Any CPU.ActiveCfg = Debug|Any CPU
		{5F930E2E-A4E5-47AB-B883-525D489FC315}.MICHAELTEST|Any CPU.Build.0 = Debug|Any CPU
		{5F930E2E-A4E5-47AB-B883-525D489FC315}.Release|Any CPU.ActiveCfg = Release|Any CPU
		{5F930E2E-A4E5-47AB-B883-525D489FC315}.Release|Any CPU.Build.0 = Release|Any CPU
		{21AE89EE-9B5B-473F-993E-29B285336494}.Debug|Any CPU.ActiveCfg = Debug|Any CPU
		{21AE89EE-9B5B-473F-993E-29B285336494}.Debug|Any CPU.Build.0 = Debug|Any CPU
		{21AE89EE-9B5B-473F-993E-29B285336494}.MICHAELTEST|Any CPU.ActiveCfg = Debug|Any CPU
		{21AE89EE-9B5B-473F-993E-29B285336494}.MICHAELTEST|Any CPU.Build.0 = Debug|Any CPU
		{21AE89EE-9B5B-473F-993E-29B285336494}.Release|Any CPU.ActiveCfg = Release|Any CPU
		{21AE89EE-9B5B-473F-993E-29B285336494}.Release|Any CPU.Build.0 = Release|Any CPU
		{45A74CB6-0270-43F2-8C6E-281EA2929878}.Debug|Any CPU.ActiveCfg = Debug|Any CPU
		{45A74CB6-0270-43F2-8C6E-281EA2929878}.Debug|Any CPU.Build.0 = Debug|Any CPU
		{45A74CB6-0270-43F2-8C6E-281EA2929878}.MICHAELTEST|Any CPU.ActiveCfg = Release|Any CPU
		{45A74CB6-0270-43F2-8C6E-281EA2929878}.MICHAELTEST|Any CPU.Build.0 = Release|Any CPU
		{45A74CB6-0270-43F2-8C6E-281EA2929878}.Release|Any CPU.ActiveCfg = Release|Any CPU
		{45A74CB6-0270-43F2-8C6E-281EA2929878}.Release|Any CPU.Build.0 = Release|Any CPU
		{100D2654-280E-4A03-B69B-D24F4F82795E}.Debug|Any CPU.ActiveCfg = Debug|Any CPU
		{100D2654-280E-4A03-B69B-D24F4F82795E}.Debug|Any CPU.Build.0 = Debug|Any CPU
		{100D2654-280E-4A03-B69B-D24F4F82795E}.MICHAELTEST|Any CPU.ActiveCfg = Release|Any CPU
		{100D2654-280E-4A03-B69B-D24F4F82795E}.MICHAELTEST|Any CPU.Build.0 = Release|Any CPU
		{100D2654-280E-4A03-B69B-D24F4F82795E}.Release|Any CPU.ActiveCfg = Release|Any CPU
		{100D2654-280E-4A03-B69B-D24F4F82795E}.Release|Any CPU.Build.0 = Release|Any CPU
		{FDBE2531-72DA-4344-926B-CB3EC69AE71C}.Debug|Any CPU.ActiveCfg = Debug|Any CPU
		{FDBE2531-72DA-4344-926B-CB3EC69AE71C}.Debug|Any CPU.Build.0 = Debug|Any CPU
		{FDBE2531-72DA-4344-926B-CB3EC69AE71C}.MICHAELTEST|Any CPU.ActiveCfg = Release|Any CPU
		{FDBE2531-72DA-4344-926B-CB3EC69AE71C}.MICHAELTEST|Any CPU.Build.0 = Release|Any CPU
		{FDBE2531-72DA-4344-926B-CB3EC69AE71C}.Release|Any CPU.ActiveCfg = Release|Any CPU
		{FDBE2531-72DA-4344-926B-CB3EC69AE71C}.Release|Any CPU.Build.0 = Release|Any CPU
		{10CE0430-5383-4A17-908E-17BA6AA17BC8}.Debug|Any CPU.ActiveCfg = Debug|Any CPU
		{10CE0430-5383-4A17-908E-17BA6AA17BC8}.Debug|Any CPU.Build.0 = Debug|Any CPU
		{10CE0430-5383-4A17-908E-17BA6AA17BC8}.MICHAELTEST|Any CPU.ActiveCfg = Release|Any CPU
		{10CE0430-5383-4A17-908E-17BA6AA17BC8}.MICHAELTEST|Any CPU.Build.0 = Release|Any CPU
		{10CE0430-5383-4A17-908E-17BA6AA17BC8}.Release|Any CPU.ActiveCfg = Release|Any CPU
		{10CE0430-5383-4A17-908E-17BA6AA17BC8}.Release|Any CPU.Build.0 = Release|Any CPU
		{1EBE861D-6346-4DAC-8486-4795C453D311}.Debug|Any CPU.ActiveCfg = Debug|Any CPU
		{1EBE861D-6346-4DAC-8486-4795C453D311}.Debug|Any CPU.Build.0 = Debug|Any CPU
		{1EBE861D-6346-4DAC-8486-4795C453D311}.MICHAELTEST|Any CPU.ActiveCfg = Release|Any CPU
		{1EBE861D-6346-4DAC-8486-4795C453D311}.MICHAELTEST|Any CPU.Build.0 = Release|Any CPU
		{1EBE861D-6346-4DAC-8486-4795C453D311}.Release|Any CPU.ActiveCfg = Release|Any CPU
		{1EBE861D-6346-4DAC-8486-4795C453D311}.Release|Any CPU.Build.0 = Release|Any CPU
		{60CFDA44-A6D8-43F8-A787-4B2BD5255D15}.Debug|Any CPU.ActiveCfg = Debug|Any CPU
		{60CFDA44-A6D8-43F8-A787-4B2BD5255D15}.Debug|Any CPU.Build.0 = Debug|Any CPU
		{60CFDA44-A6D8-43F8-A787-4B2BD5255D15}.MICHAELTEST|Any CPU.ActiveCfg = Debug|Any CPU
		{60CFDA44-A6D8-43F8-A787-4B2BD5255D15}.MICHAELTEST|Any CPU.Build.0 = Debug|Any CPU
		{60CFDA44-A6D8-43F8-A787-4B2BD5255D15}.Release|Any CPU.ActiveCfg = Release|Any CPU
		{60CFDA44-A6D8-43F8-A787-4B2BD5255D15}.Release|Any CPU.Build.0 = Release|Any CPU
		{82512EF0-C2FD-44A3-97D2-BBDDBA221CF4}.Debug|Any CPU.ActiveCfg = Debug|Any CPU
		{82512EF0-C2FD-44A3-97D2-BBDDBA221CF4}.Debug|Any CPU.Build.0 = Debug|Any CPU
		{82512EF0-C2FD-44A3-97D2-BBDDBA221CF4}.MICHAELTEST|Any CPU.ActiveCfg = Release|Any CPU
		{82512EF0-C2FD-44A3-97D2-BBDDBA221CF4}.MICHAELTEST|Any CPU.Build.0 = Release|Any CPU
		{82512EF0-C2FD-44A3-97D2-BBDDBA221CF4}.Release|Any CPU.ActiveCfg = Release|Any CPU
		{82512EF0-C2FD-44A3-97D2-BBDDBA221CF4}.Release|Any CPU.Build.0 = Release|Any CPU
		{B6A9C108-BCFA-481D-8D0F-C13CFACA06E9}.Debug|Any CPU.ActiveCfg = Debug|Any CPU
		{B6A9C108-BCFA-481D-8D0F-C13CFACA06E9}.Debug|Any CPU.Build.0 = Debug|Any CPU
		{B6A9C108-BCFA-481D-8D0F-C13CFACA06E9}.MICHAELTEST|Any CPU.ActiveCfg = Release|Any CPU
		{B6A9C108-BCFA-481D-8D0F-C13CFACA06E9}.MICHAELTEST|Any CPU.Build.0 = Release|Any CPU
		{B6A9C108-BCFA-481D-8D0F-C13CFACA06E9}.Release|Any CPU.ActiveCfg = Release|Any CPU
		{B6A9C108-BCFA-481D-8D0F-C13CFACA06E9}.Release|Any CPU.Build.0 = Release|Any CPU
	EndGlobalSection
	GlobalSection(SolutionProperties) = preSolution
		HideSolutionNode = FALSE
	EndGlobalSection
	GlobalSection(ExtensibilityGlobals) = postSolution
		SolutionGuid = {26DF4CC6-0273-4839-AE5C-1670F7FFF2AC}
	EndGlobalSection
EndGlobal
